
Microsoft Visual Studio Solution File, Format Version 12.00
# Visual Studio 15
VisualStudioVersion = 15.0.27703.2026
MinimumVisualStudioVersion = 10.0.40219.1
Project("{FAE04EC0-301F-11D3-BF4B-00C04F79EFBC}") = "BackPropNet", "BackPropNet\BackPropNet.csproj", "{8A163777-CDCE-46F1-AB71-9F0099783F75}"
EndProject
Global
	GlobalSection(SolutionConfigurationPlatforms) = preSolution
		Debug|Any CPU = Debug|Any CPU
		Release|Any CPU = Release|Any CPU
	EndGlobalSection
	GlobalSection(ProjectConfigurationPlatforms) = postSolution
		{8A163777-CDCE-46F1-AB71-9F0099783F75}.Debug|Any CPU.ActiveCfg = Debug|Any CPU
		{8A163777-CDCE-46F1-AB71-9F0099783F75}.Debug|Any CPU.Build.0 = Debug|Any CPU
		{8A163777-CDCE-46F1-AB71-9F0099783F75}.Release|Any CPU.ActiveCfg = Release|Any CPU
		{8A163777-CDCE-46F1-AB71-9F0099783F75}.Release|Any CPU.Build.0 = Release|Any CPU
	EndGlobalSection
	GlobalSection(SolutionProperties) = preSolution
		HideSolutionNode = FALSE
	EndGlobalSection
	GlobalSection(ExtensibilityGlobals) = postSolution
		SolutionGuid = {5502C098-9761-4CED-9387-ACFA2B0713BB}
	EndGlobalSection
EndGlobal
